// !$*UTF8*$!
{
	archiveVersion = 1;
	classes = {
	};
	objectVersion = 50;
	objects = {

/* Begin PBXBuildFile section */
		21B981BF22F94D200039574D /* AppDelegate.m in Sources */ = {isa = PBXBuildFile; fileRef = 21B981BE22F94D200039574D /* AppDelegate.m */; };
		21B981C222F94D200039574D /* ViewController.m in Sources */ = {isa = PBXBuildFile; fileRef = 21B981C122F94D200039574D /* ViewController.m */; };
		21B981C522F94D200039574D /* Main.storyboard in Resources */ = {isa = PBXBuildFile; fileRef = 21B981C322F94D200039574D /* Main.storyboard */; };
		21B981C722F94D230039574D /* Assets.xcassets in Resources */ = {isa = PBXBuildFile; fileRef = 21B981C622F94D230039574D /* Assets.xcassets */; };
		21B981CA22F94D230039574D /* LaunchScreen.storyboard in Resources */ = {isa = PBXBuildFile; fileRef = 21B981C822F94D230039574D /* LaunchScreen.storyboard */; };
		21B981CD22F94D230039574D /* main.m in Sources */ = {isa = PBXBuildFile; fileRef = 21B981CC22F94D230039574D /* main.m */; };
		21B981D522F94EFB0039574D /* YZPerson.m in Sources */ = {isa = PBXBuildFile; fileRef = 21B981D422F94EFB0039574D /* YZPerson.m */; };
/* End PBXBuildFile section */

/* Begin PBXFileReference section */
		21B981BA22F94D200039574D /* iOS-原型模式.app */ = {isa = PBXFileReference; explicitFileType = wrapper.application; includeInIndex = 0; path = "iOS-原型模式.app"; sourceTree = BUILT_PRODUCTS_DIR; };
		21B981BD22F94D200039574D /* AppDelegate.h */ = {isa = PBXFileReference; lastKnownFileType = sourcecode.c.h; path = AppDelegate.h; sourceTree = "<group>"; };
		21B981BE22F94D200039574D /* AppDelegate.m */ = {isa = PBXFileReference; lastKnownFileType = sourcecode.c.objc; path = AppDelegate.m; sourceTree = "<group>"; };
		21B981C022F94D200039574D /* ViewController.h */ = {isa = PBXFileReference; lastKnownFileType = sourcecode.c.h; path = ViewController.h; sourceTree = "<group>"; };
		21B981C122F94D200039574D /* ViewController.m */ = {isa = PBXFileReference; lastKnownFileType = sourcecode.c.objc; path = ViewController.m; sourceTree = "<group>"; };
		21B981C422F94D200039574D /* Base */ = {isa = PBXFileReference; lastKnownFileType = file.storyboard; name = Base; path = Base.lproj/Main.storyboard; sourceTree = "<group>"; };
		21B981C622F94D230039574D /* Assets.xcassets */ = {isa = PBXFileReference; lastKnownFileType = folder.assetcatalog; path = Assets.xcassets; sourceTree = "<group>"; };
		21B981C922F94D230039574D /* Base */ = {isa = PBXFileReference; lastKnownFileType = file.storyboard; name = Base; path = Base.lproj/LaunchScreen.storyboard; sourceTree = "<group>"; };
		21B981CB22F94D230039574D /* Info.plist */ = {isa = PBXFileReference; lastKnownFileType = text.plist.xml; path = Info.plist; sourceTree = "<group>"; };
		21B981CC22F94D230039574D /* main.m */ = {isa = PBXFileReference; lastKnownFileType = sourcecode.c.objc; path = main.m; sourceTree = "<group>"; };
		21B981D322F94EFB0039574D /* YZPerson.h */ = {isa = PBXFileReference; lastKnownFileType = sourcecode.c.h; path = YZPerson.h; sourceTree = "<group>"; };
		21B981D422F94EFB0039574D /* YZPerson.m */ = {isa = PBXFileReference; lastKnownFileType = sourcecode.c.objc; path = YZPerson.m; sourceTree = "<group>"; };
/* End PBXFileReference section */

/* Begin PBXFrameworksBuildPhase section */
		21B981B722F94D200039574D /* Frameworks */ = {
			isa = PBXFrameworksBuildPhase;
			buildActionMask = 2147483647;
			files = (
			);
			runOnlyForDeploymentPostprocessing = 0;
		};
/* End PBXFrameworksBuildPhase section */

/* Begin PBXGroup section */
		21B981B122F94D200039574D = {
			isa = PBXGroup;
			children = (
				21B981BC22F94D200039574D /* iOS-原型模式 */,
				21B981BB22F94D200039574D /* Products */,
			);
			sourceTree = "<group>";
		};
		21B981BB22F94D200039574D /* Products */ = {
			isa = PBXGroup;
			children = (
				21B981BA22F94D200039574D /* iOS-原型模式.app */,
			);
			name = Products;
			sourceTree = "<group>";
		};
		21B981BC22F94D200039574D /* iOS-原型模式 */ = {
			isa = PBXGroup;
			children = (
				21B981BD22F94D200039574D /* AppDelegate.h */,
				21B981BE22F94D200039574D /* AppDelegate.m */,
				21B981C022F94D200039574D /* ViewController.h */,
				21B981C122F94D200039574D /* ViewController.m */,
				21B981D322F94EFB0039574D /* YZPerson.h */,
				21B981D422F94EFB0039574D /* YZPerson.m */,
				21B981C322F94D200039574D /* Main.storyboard */,
				21B981C622F94D230039574D /* Assets.xcassets */,
				21B981C822F94D230039574D /* LaunchScreen.storyboard */,
				21B981CB22F94D230039574D /* Info.plist */,
				21B981CC22F94D230039574D /* main.m */,
			);
			path = "iOS-原型模式";
			sourceTree = "<group>";
		};
/* End PBXGroup section */

/* Begin PBXNativeTarget section */
		21B981B922F94D200039574D /* iOS-原型模式 */ = {
			isa = PBXNativeTarget;
			buildConfigurationList = 21B981D022F94D230039574D /* Build configuration list for PBXNativeTarget "iOS-原型模式" */;
			buildPhases = (
				21B981B622F94D200039574D /* Sources */,
				21B981B722F94D200039574D /* Frameworks */,
				21B981B822F94D200039574D /* Resources */,
			);
			buildRules = (
			);
			dependencies = (
			);
			name = "iOS-原型模式";
			productName = "iOS-原型模式";
			productReference = 21B981BA22F94D200039574D /* iOS-原型模式.app */;
			productType = "com.apple.product-type.application";
		};
/* End PBXNativeTarget section */

/* Begin PBXProject section */
		21B981B222F94D200039574D /* Project object */ = {
			isa = PBXProject;
			attributes = {
				LastUpgradeCheck = 1020;
				ORGANIZATIONNAME = yongzhen;
				TargetAttributes = {
					21B981B922F94D200039574D = {
						CreatedOnToolsVersion = 10.2.1;
					};
				};
			};
			buildConfigurationList = 21B981B522F94D200039574D /* Build configuration list for PBXProject "iOS-原型模式" */;
			compatibilityVersion = "Xcode 9.3";
			developmentRegion = en;
			hasScannedForEncodings = 0;
			knownRegions = (
				en,
				Base,
			);
			mainGroup = 21B981B122F94D200039574D;
			productRefGroup = 21B981BB22F94D200039574D /* Products */;
			projectDirPath = "";
			projectRoot = "";
			targets = (
				21B981B922F94D200039574D /* iOS-原型模式 */,
			);
		};
/* End PBXProject section */

/* Begin PBXResourcesBuildPhase section */
		21B981B822F94D200039574D /* Resources */ = {
			isa = PBXResourcesBuildPhase;
			buildActionMask = 2147483647;
			files = (
				21B981CA22F94D230039574D /* LaunchScreen.storyboard in Resources */,
				21B981C722F94D230039574D /* Assets.xcassets in Resources */,
				21B981C522F94D200039574D /* Main.storyboard in Resources */,
			);
			runOnlyForDeploymentPostprocessing = 0;
		};
/* End PBXResourcesBuildPhase section */

/* Begin PBXSourcesBuildPhase section */
		21B981B622F94D200039574D /* Sources */ = {
			isa = PBXSourcesBuildPhase;
			buildActionMask = 2147483647;
			files = (
				21B981C222F94D200039574D /* ViewController.m in Sources */,
				21B981CD22F94D230039574D /* main.m in Sources */,
				21B981BF22F94D200039574D /* AppDelegate.m in Sources */,
				21B981D522F94EFB0039574D /* YZPerson.m in Sources */,
			);
			runOnlyForDeploymentPostprocessing = 0;
		};
/* End PBXSourcesBuildPhase section */

/* Begin PBXVariantGroup section */
		21B981C322F94D200039574D /* Main.storyboard */ = {
			isa = PBXVariantGroup;
			children = (
				21B981C422F94D200039574D /* Base */,
			);
			name = Main.storyboard;
			sourceTree = "<group>";
		};
		21B981C822F94D230039574D /* LaunchScreen.storyboard */ = {
			isa = PBXVariantGroup;
			children = (
				21B981C922F94D230039574D /* Base */,
			);
			name = LaunchScreen.storyboard;
			sourceTree = "<group>";
		};
/* End PBXVariantGroup section */

/* Begin XCBuildConfiguration section */
		21B981CE22F94D230039574D /* Debug */ = {
			isa = XCBuildConfiguration;
			buildSettings = {
				ALWAYS_SEARCH_USER_PATHS = NO;
				CLANG_ANALYZER_NONNULL = YES;
				CLANG_ANALYZER_NUMBER_OBJECT_CONVERSION = YES_AGGRESSIVE;
				CLANG_CXX_LANGUAGE_STANDARD = "gnu++14";
				CLANG_CXX_LIBRARY = "libc++";
				CLANG_ENABLE_MODULES = YES;
				CLANG_ENABLE_OBJC_ARC = YES;
				CLANG_ENABLE_OBJC_WEAK = YES;
				CLANG_WARN_BLOCK_CAPTURE_AUTORELEASING = YES;
				CLANG_WARN_BOOL_CONVERSION = YES;
				CLANG_WARN_COMMA = YES;
				CLANG_WARN_CONSTANT_CONVERSION = YES;
				CLANG_WARN_DEPRECATED_OBJC_IMPLEMENTATIONS = YES;
				CLANG_WARN_DIRECT_OBJC_ISA_USAGE = YES_ERROR;
				CLANG_WARN_DOCUMENTATION_COMMENTS = YES;
				CLANG_WARN_EMPTY_BODY = YES;
				CLANG_WARN_ENUM_CONVERSION = YES;
				CLANG_WARN_INFINITE_RECURSION = YES;
				CLANG_WARN_INT_CONVERSION = YES;
				CLANG_WARN_NON_LITERAL_NULL_CONVERSION = YES;
				CLANG_WARN_OBJC_IMPLICIT_RETAIN_SELF = YES;
				CLANG_WARN_OBJC_LITERAL_CONVERSION = YES;
				CLANG_WARN_OBJC_ROOT_CLASS = YES_ERROR;
				CLANG_WARN_RANGE_LOOP_ANALYSIS = YES;
				CLANG_WARN_STRICT_PROTOTYPES = YES;
				CLANG_WARN_SUSPICIOUS_MOVE = YES;
				CLANG_WARN_UNGUARDED_AVAILABILITY = YES_AGGRESSIVE;
				CLANG_WARN_UNREACHABLE_CODE = YES;
				CLANG_WARN__DUPLICATE_METHOD_MATCH = YES;
				CODE_SIGN_IDENTITY = "iPhone Developer";
				COPY_PHASE_STRIP = NO;
				DEBUG_INFORMATION_FORMAT = dwarf;
				ENABLE_STRICT_OBJC_MSGSEND = YES;
				ENABLE_TESTABILITY = YES;
				GCC_C_LANGUAGE_STANDARD = gnu11;
				GCC_DYNAMIC_NO_PIC = NO;
				GCC_NO_COMMON_BLOCKS = YES;
				GCC_OPTIMIZATION_LEVEL = 0;
				GCC_PREPROCESSOR_DEFINITIONS = (
					"DEBUG=1",
					"$(inherited)",
				);
				GCC_WARN_64_TO_32_BIT_CONVERSION = YES;
				GCC_WARN_ABOUT_RETURN_TYPE = YES_ERROR;
				GCC_WARN_UNDECLARED_SELECTOR = YES;
				GCC_WARN_UNINITIALIZED_AUTOS = YES_AGGRESSIVE;
				GCC_WARN_UNUSED_FUNCTION = YES;
				GCC_WARN_UNUSED_VARIABLE = YES;
				IPHONEOS_DEPLOYMENT_TARGET = 12.2;
				MTL_ENABLE_DEBUG_INFO = INCLUDE_SOURCE;
				MTL_FAST_MATH = YES;
				ONLY_ACTIVE_ARCH = YES;
				SDKROOT = iphoneos;
			};
			name = Debug;
		};
		21B981CF22F94D230039574D /* Release */ = {
			isa = XCBuildConfiguration;
			buildSettings = {
				ALWAYS_SEARCH_USER_PATHS = NO;
				CLANG_ANALYZER_NONNULL = YES;
				CLANG_ANALYZER_NUMBER_OBJECT_CONVERSION = YES_AGGRESSIVE;
				CLANG_CXX_LANGUAGE_STANDARD = "gnu++14";
				CLANG_CXX_LIBRARY = "libc++";
				CLANG_ENABLE_MODULES = YES;
				CLANG_ENABLE_OBJC_ARC = YES;
				CLANG_ENABLE_OBJC_WEAK = YES;
				CLANG_WARN_BLOCK_CAPTURE_AUTORELEASING = YES;
				CLANG_WARN_BOOL_CONVERSION = YES;
				CLANG_WARN_COMMA = YES;
				CLANG_WARN_CONSTANT_CONVERSION = YES;
				CLANG_WARN_DEPRECATED_OBJC_IMPLEMENTATIONS = YES;
				CLANG_WARN_DIRECT_OBJC_ISA_USAGE = YES_ERROR;
				CLANG_WARN_DOCUMENTATION_COMMENTS = YES;
				CLANG_WARN_EMPTY_BODY = YES;
				CLANG_WARN_ENUM_CONVERSION = YES;
				CLANG_WARN_INFINITE_RECURSION = YES;
				CLANG_WARN_INT_CONVERSION = YES;
				CLANG_WARN_NON_LITERAL_NULL_CONVERSION = YES;
				CLANG_WARN_OBJC_IMPLICIT_RETAIN_SELF = YES;
				CLANG_WARN_OBJC_LITERAL_CONVERSION = YES;
				CLANG_WARN_OBJC_ROOT_CLASS = YES_ERROR;
				CLANG_WARN_RANGE_LOOP_ANALYSIS = YES;
				CLANG_WARN_STRICT_PROTOTYPES = YES;
				CLANG_WARN_SUSPICIOUS_MOVE = YES;
				CLANG_WARN_UNGUARDED_AVAILABILITY = YES_AGGRESSIVE;
				CLANG_WARN_UNREACHABLE_CODE = YES;
				CLANG_WARN__DUPLICATE_METHOD_MATCH = YES;
				CODE_SIGN_IDENTITY = "iPhone Developer";
				COPY_PHASE_STRIP = NO;
				DEBUG_INFORMATION_FORMAT = "dwarf-with-dsym";
				ENABLE_NS_ASSERTIONS = NO;
				ENABLE_STRICT_OBJC_MSGSEND = YES;
				GCC_C_LANGUAGE_STANDARD = gnu11;
				GCC_NO_COMMON_BLOCKS = YES;
				GCC_WARN_64_TO_32_BIT_CONVERSION = YES;
				GCC_WARN_ABOUT_RETURN_TYPE = YES_ERROR;
				GCC_WARN_UNDECLARED_SELECTOR = YES;
				GCC_WARN_UNINITIALIZED_AUTOS = YES_AGGRESSIVE;
				GCC_WARN_UNUSED_FUNCTION = YES;
				GCC_WARN_UNUSED_VARIABLE = YES;
				IPHONEOS_DEPLOYMENT_TARGET = 12.2;
				MTL_ENABLE_DEBUG_INFO = NO;
				MTL_FAST_MATH = YES;
				SDKROOT = iphoneos;
				VALIDATE_PRODUCT = YES;
			};
			name = Release;
		};
		21B981D122F94D230039574D /* Debug */ = {
			isa = XCBuildConfiguration;
			buildSettings = {
				ASSETCATALOG_COMPILER_APPICON_NAME = AppIcon;
				CODE_SIGN_STYLE = Automatic;
				DEVELOPMENT_TEAM = 4BW29X768A;
				INFOPLIST_FILE = "iOS-原型模式/Info.plist";
				LD_RUNPATH_SEARCH_PATHS = (
					"$(inherited)",
					"@executable_path/Frameworks",
				);
				PRODUCT_BUNDLE_IDENTIFIER = "yongzhenyin.iOS-----";
				PRODUCT_NAME = "$(TARGET_NAME)";
				TARGETED_DEVICE_FAMILY = "1,2";
			};
			name = Debug;
		};
		21B981D222F94D230039574D /* Release */ = {
			isa = XCBuildConfiguration;
			buildSettings = {
				ASSETCATALOG_COMPILER_APPICON_NAME = AppIcon;
				CODE_SIGN_STYLE = Automatic;
				DEVELOPMENT_TEAM = 4BW29X768A;
				INFOPLIST_FILE = "iOS-原型模式/Info.plist";
				LD_RUNPATH_SEARCH_PATHS = (
					"$(inherited)",
					"@executable_path/Frameworks",
				);
				PRODUCT_BUNDLE_IDENTIFIER = "yongzhenyin.iOS-----";
				PRODUCT_NAME = "$(TARGET_NAME)";
				TARGETED_DEVICE_FAMILY = "1,2";
			};
			name = Release;
		};
/* End XCBuildConfiguration section */

/* Begin XCConfigurationList section */
		21B981B522F94D200039574D /* Build configuration list for PBXProject "iOS-原型模式" */ = {
			isa = XCConfigurationList;
			buildConfigurations = (
				21B981CE22F94D230039574D /* Debug */,
				21B981CF22F94D230039574D /* Release */,
			);
			defaultConfigurationIsVisible = 0;
			defaultConfigurationName = Release;
		};
		21B981D022F94D230039574D /* Build configuration list for PBXNativeTarget "iOS-原型模式" */ = {
			isa = XCConfigurationList;
			buildConfigurations = (
				21B981D122F94D230039574D /* Debug */,
				21B981D222F94D230039574D /* Release */,
			);
			defaultConfigurationIsVisible = 0;
			defaultConfigurationName = Release;
		};
/* End XCConfigurationList section */
	};
	rootObject = 21B981B222F94D200039574D /* Project object */;
}
