// !$*UTF8*$!
{
	archiveVersion = 1;
	classes = {
	};
	objectVersion = 50;
	objects = {

/* Begin PBXBuildFile section */
		2140D895235D5F960085D1EC /* main.m in Sources */ = {isa = PBXBuildFile; fileRef = 2140D894235D5F960085D1EC /* main.m */; };
		2140D89D235D5FBD0085D1EC /* YZTreeNode.m in Sources */ = {isa = PBXBuildFile; fileRef = 2140D89C235D5FBD0085D1EC /* YZTreeNode.m */; };
		2140D8A0235D5FE10085D1EC /* YZBinarySearchTree.m in Sources */ = {isa = PBXBuildFile; fileRef = 2140D89F235D5FE10085D1EC /* YZBinarySearchTree.m */; };
		2140D8A3235D60650085D1EC /* Visitor.m in Sources */ = {isa = PBXBuildFile; fileRef = 2140D8A2235D60650085D1EC /* Visitor.m */; };
/* End PBXBuildFile section */

/* Begin PBXCopyFilesBuildPhase section */
		2140D88F235D5F960085D1EC /* CopyFiles */ = {
			isa = PBXCopyFilesBuildPhase;
			buildActionMask = 2147483647;
			dstPath = /usr/share/man/man1/;
			dstSubfolderSpec = 0;
			files = (
			);
			runOnlyForDeploymentPostprocessing = 1;
		};
/* End PBXCopyFilesBuildPhase section */

/* Begin PBXFileReference section */
		2140D891235D5F960085D1EC /* iOS-访问者模式 */ = {isa = PBXFileReference; explicitFileType = "compiled.mach-o.executable"; includeInIndex = 0; path = "iOS-访问者模式"; sourceTree = BUILT_PRODUCTS_DIR; };
		2140D894235D5F960085D1EC /* main.m */ = {isa = PBXFileReference; lastKnownFileType = sourcecode.c.objc; path = main.m; sourceTree = "<group>"; };
		2140D89B235D5FBD0085D1EC /* YZTreeNode.h */ = {isa = PBXFileReference; lastKnownFileType = sourcecode.c.h; path = YZTreeNode.h; sourceTree = "<group>"; };
		2140D89C235D5FBD0085D1EC /* YZTreeNode.m */ = {isa = PBXFileReference; lastKnownFileType = sourcecode.c.objc; path = YZTreeNode.m; sourceTree = "<group>"; };
		2140D89E235D5FE10085D1EC /* YZBinarySearchTree.h */ = {isa = PBXFileReference; lastKnownFileType = sourcecode.c.h; path = YZBinarySearchTree.h; sourceTree = "<group>"; };
		2140D89F235D5FE10085D1EC /* YZBinarySearchTree.m */ = {isa = PBXFileReference; lastKnownFileType = sourcecode.c.objc; path = YZBinarySearchTree.m; sourceTree = "<group>"; };
		2140D8A1235D60650085D1EC /* Visitor.h */ = {isa = PBXFileReference; lastKnownFileType = sourcecode.c.h; path = Visitor.h; sourceTree = "<group>"; };
		2140D8A2235D60650085D1EC /* Visitor.m */ = {isa = PBXFileReference; lastKnownFileType = sourcecode.c.objc; path = Visitor.m; sourceTree = "<group>"; };
/* End PBXFileReference section */

/* Begin PBXFrameworksBuildPhase section */
		2140D88E235D5F960085D1EC /* Frameworks */ = {
			isa = PBXFrameworksBuildPhase;
			buildActionMask = 2147483647;
			files = (
			);
			runOnlyForDeploymentPostprocessing = 0;
		};
/* End PBXFrameworksBuildPhase section */

/* Begin PBXGroup section */
		2140D888235D5F960085D1EC = {
			isa = PBXGroup;
			children = (
				2140D893235D5F960085D1EC /* iOS-访问者模式 */,
				2140D892235D5F960085D1EC /* Products */,
			);
			sourceTree = "<group>";
		};
		2140D892235D5F960085D1EC /* Products */ = {
			isa = PBXGroup;
			children = (
				2140D891235D5F960085D1EC /* iOS-访问者模式 */,
			);
			name = Products;
			sourceTree = "<group>";
		};
		2140D893235D5F960085D1EC /* iOS-访问者模式 */ = {
			isa = PBXGroup;
			children = (
				2140D894235D5F960085D1EC /* main.m */,
				2140D89B235D5FBD0085D1EC /* YZTreeNode.h */,
				2140D89C235D5FBD0085D1EC /* YZTreeNode.m */,
				2140D89E235D5FE10085D1EC /* YZBinarySearchTree.h */,
				2140D89F235D5FE10085D1EC /* YZBinarySearchTree.m */,
				2140D8A1235D60650085D1EC /* Visitor.h */,
				2140D8A2235D60650085D1EC /* Visitor.m */,
			);
			path = "iOS-访问者模式";
			sourceTree = "<group>";
		};
/* End PBXGroup section */

/* Begin PBXNativeTarget section */
		2140D890235D5F960085D1EC /* iOS-访问者模式 */ = {
			isa = PBXNativeTarget;
			buildConfigurationList = 2140D898235D5F960085D1EC /* Build configuration list for PBXNativeTarget "iOS-访问者模式" */;
			buildPhases = (
				2140D88D235D5F960085D1EC /* Sources */,
				2140D88E235D5F960085D1EC /* Frameworks */,
				2140D88F235D5F960085D1EC /* CopyFiles */,
			);
			buildRules = (
			);
			dependencies = (
			);
			name = "iOS-访问者模式";
			productName = "iOS-访问者模式";
			productReference = 2140D891235D5F960085D1EC /* iOS-访问者模式 */;
			productType = "com.apple.product-type.tool";
		};
/* End PBXNativeTarget section */

/* Begin PBXProject section */
		2140D889235D5F960085D1EC /* Project object */ = {
			isa = PBXProject;
			attributes = {
				LastUpgradeCheck = 1110;
				ORGANIZATIONNAME = eagle;
				TargetAttributes = {
					2140D890235D5F960085D1EC = {
						CreatedOnToolsVersion = 11.1;
					};
				};
			};
			buildConfigurationList = 2140D88C235D5F960085D1EC /* Build configuration list for PBXProject "iOS-访问者模式" */;
			compatibilityVersion = "Xcode 9.3";
			developmentRegion = en;
			hasScannedForEncodings = 0;
			knownRegions = (
				en,
				Base,
			);
			mainGroup = 2140D888235D5F960085D1EC;
			productRefGroup = 2140D892235D5F960085D1EC /* Products */;
			projectDirPath = "";
			projectRoot = "";
			targets = (
				2140D890235D5F960085D1EC /* iOS-访问者模式 */,
			);
		};
/* End PBXProject section */

/* Begin PBXSourcesBuildPhase section */
		2140D88D235D5F960085D1EC /* Sources */ = {
			isa = PBXSourcesBuildPhase;
			buildActionMask = 2147483647;
			files = (
				2140D8A3235D60650085D1EC /* Visitor.m in Sources */,
				2140D8A0235D5FE10085D1EC /* YZBinarySearchTree.m in Sources */,
				2140D89D235D5FBD0085D1EC /* YZTreeNode.m in Sources */,
				2140D895235D5F960085D1EC /* main.m in Sources */,
			);
			runOnlyForDeploymentPostprocessing = 0;
		};
/* End PBXSourcesBuildPhase section */

/* Begin XCBuildConfiguration section */
		2140D896235D5F960085D1EC /* Debug */ = {
			isa = XCBuildConfiguration;
			buildSettings = {
				ALWAYS_SEARCH_USER_PATHS = NO;
				CLANG_ANALYZER_NONNULL = YES;
				CLANG_ANALYZER_NUMBER_OBJECT_CONVERSION = YES_AGGRESSIVE;
				CLANG_CXX_LANGUAGE_STANDARD = "gnu++14";
				CLANG_CXX_LIBRARY = "libc++";
				CLANG_ENABLE_MODULES = YES;
				CLANG_ENABLE_OBJC_ARC = YES;
				CLANG_ENABLE_OBJC_WEAK = YES;
				CLANG_WARN_BLOCK_CAPTURE_AUTORELEASING = YES;
				CLANG_WARN_BOOL_CONVERSION = YES;
				CLANG_WARN_COMMA = YES;
				CLANG_WARN_CONSTANT_CONVERSION = YES;
				CLANG_WARN_DEPRECATED_OBJC_IMPLEMENTATIONS = YES;
				CLANG_WARN_DIRECT_OBJC_ISA_USAGE = YES_ERROR;
				CLANG_WARN_DOCUMENTATION_COMMENTS = YES;
				CLANG_WARN_EMPTY_BODY = YES;
				CLANG_WARN_ENUM_CONVERSION = YES;
				CLANG_WARN_INFINITE_RECURSION = YES;
				CLANG_WARN_INT_CONVERSION = YES;
				CLANG_WARN_NON_LITERAL_NULL_CONVERSION = YES;
				CLANG_WARN_OBJC_IMPLICIT_RETAIN_SELF = YES;
				CLANG_WARN_OBJC_LITERAL_CONVERSION = YES;
				CLANG_WARN_OBJC_ROOT_CLASS = YES_ERROR;
				CLANG_WARN_RANGE_LOOP_ANALYSIS = YES;
				CLANG_WARN_STRICT_PROTOTYPES = YES;
				CLANG_WARN_SUSPICIOUS_MOVE = YES;
				CLANG_WARN_UNGUARDED_AVAILABILITY = YES_AGGRESSIVE;
				CLANG_WARN_UNREACHABLE_CODE = YES;
				CLANG_WARN__DUPLICATE_METHOD_MATCH = YES;
				COPY_PHASE_STRIP = NO;
				DEBUG_INFORMATION_FORMAT = dwarf;
				ENABLE_STRICT_OBJC_MSGSEND = YES;
				ENABLE_TESTABILITY = YES;
				GCC_C_LANGUAGE_STANDARD = gnu11;
				GCC_DYNAMIC_NO_PIC = NO;
				GCC_NO_COMMON_BLOCKS = YES;
				GCC_OPTIMIZATION_LEVEL = 0;
				GCC_PREPROCESSOR_DEFINITIONS = (
					"DEBUG=1",
					"$(inherited)",
				);
				GCC_WARN_64_TO_32_BIT_CONVERSION = YES;
				GCC_WARN_ABOUT_RETURN_TYPE = YES_ERROR;
				GCC_WARN_UNDECLARED_SELECTOR = YES;
				GCC_WARN_UNINITIALIZED_AUTOS = YES_AGGRESSIVE;
				GCC_WARN_UNUSED_FUNCTION = YES;
				GCC_WARN_UNUSED_VARIABLE = YES;
				MACOSX_DEPLOYMENT_TARGET = 10.15;
				MTL_ENABLE_DEBUG_INFO = INCLUDE_SOURCE;
				MTL_FAST_MATH = YES;
				ONLY_ACTIVE_ARCH = YES;
				SDKROOT = macosx;
			};
			name = Debug;
		};
		2140D897235D5F960085D1EC /* Release */ = {
			isa = XCBuildConfiguration;
			buildSettings = {
				ALWAYS_SEARCH_USER_PATHS = NO;
				CLANG_ANALYZER_NONNULL = YES;
				CLANG_ANALYZER_NUMBER_OBJECT_CONVERSION = YES_AGGRESSIVE;
				CLANG_CXX_LANGUAGE_STANDARD = "gnu++14";
				CLANG_CXX_LIBRARY = "libc++";
				CLANG_ENABLE_MODULES = YES;
				CLANG_ENABLE_OBJC_ARC = YES;
				CLANG_ENABLE_OBJC_WEAK = YES;
				CLANG_WARN_BLOCK_CAPTURE_AUTORELEASING = YES;
				CLANG_WARN_BOOL_CONVERSION = YES;
				CLANG_WARN_COMMA = YES;
				CLANG_WARN_CONSTANT_CONVERSION = YES;
				CLANG_WARN_DEPRECATED_OBJC_IMPLEMENTATIONS = YES;
				CLANG_WARN_DIRECT_OBJC_ISA_USAGE = YES_ERROR;
				CLANG_WARN_DOCUMENTATION_COMMENTS = YES;
				CLANG_WARN_EMPTY_BODY = YES;
				CLANG_WARN_ENUM_CONVERSION = YES;
				CLANG_WARN_INFINITE_RECURSION = YES;
				CLANG_WARN_INT_CONVERSION = YES;
				CLANG_WARN_NON_LITERAL_NULL_CONVERSION = YES;
				CLANG_WARN_OBJC_IMPLICIT_RETAIN_SELF = YES;
				CLANG_WARN_OBJC_LITERAL_CONVERSION = YES;
				CLANG_WARN_OBJC_ROOT_CLASS = YES_ERROR;
				CLANG_WARN_RANGE_LOOP_ANALYSIS = YES;
				CLANG_WARN_STRICT_PROTOTYPES = YES;
				CLANG_WARN_SUSPICIOUS_MOVE = YES;
				CLANG_WARN_UNGUARDED_AVAILABILITY = YES_AGGRESSIVE;
				CLANG_WARN_UNREACHABLE_CODE = YES;
				CLANG_WARN__DUPLICATE_METHOD_MATCH = YES;
				COPY_PHASE_STRIP = NO;
				DEBUG_INFORMATION_FORMAT = "dwarf-with-dsym";
				ENABLE_NS_ASSERTIONS = NO;
				ENABLE_STRICT_OBJC_MSGSEND = YES;
				GCC_C_LANGUAGE_STANDARD = gnu11;
				GCC_NO_COMMON_BLOCKS = YES;
				GCC_WARN_64_TO_32_BIT_CONVERSION = YES;
				GCC_WARN_ABOUT_RETURN_TYPE = YES_ERROR;
				GCC_WARN_UNDECLARED_SELECTOR = YES;
				GCC_WARN_UNINITIALIZED_AUTOS = YES_AGGRESSIVE;
				GCC_WARN_UNUSED_FUNCTION = YES;
				GCC_WARN_UNUSED_VARIABLE = YES;
				MACOSX_DEPLOYMENT_TARGET = 10.15;
				MTL_ENABLE_DEBUG_INFO = NO;
				MTL_FAST_MATH = YES;
				SDKROOT = macosx;
			};
			name = Release;
		};
		2140D899235D5F960085D1EC /* Debug */ = {
			isa = XCBuildConfiguration;
			buildSettings = {
				CODE_SIGN_STYLE = Automatic;
				DEVELOPMENT_TEAM = 4BW29X768A;
				ENABLE_HARDENED_RUNTIME = YES;
				PRODUCT_NAME = "$(TARGET_NAME)";
			};
			name = Debug;
		};
		2140D89A235D5F960085D1EC /* Release */ = {
			isa = XCBuildConfiguration;
			buildSettings = {
				CODE_SIGN_STYLE = Automatic;
				DEVELOPMENT_TEAM = 4BW29X768A;
				ENABLE_HARDENED_RUNTIME = YES;
				PRODUCT_NAME = "$(TARGET_NAME)";
			};
			name = Release;
		};
/* End XCBuildConfiguration section */

/* Begin XCConfigurationList section */
		2140D88C235D5F960085D1EC /* Build configuration list for PBXProject "iOS-访问者模式" */ = {
			isa = XCConfigurationList;
			buildConfigurations = (
				2140D896235D5F960085D1EC /* Debug */,
				2140D897235D5F960085D1EC /* Release */,
			);
			defaultConfigurationIsVisible = 0;
			defaultConfigurationName = Release;
		};
		2140D898235D5F960085D1EC /* Build configuration list for PBXNativeTarget "iOS-访问者模式" */ = {
			isa = XCConfigurationList;
			buildConfigurations = (
				2140D899235D5F960085D1EC /* Debug */,
				2140D89A235D5F960085D1EC /* Release */,
			);
			defaultConfigurationIsVisible = 0;
			defaultConfigurationName = Release;
		};
/* End XCConfigurationList section */
	};
	rootObject = 2140D889235D5F960085D1EC /* Project object */;
}
