// !$*UTF8*$!
{
	archiveVersion = 1;
	classes = {
	};
	objectVersion = 50;
	objects = {

/* Begin PBXBuildFile section */
		21D6F7FE235989610090DFB6 /* main.m in Sources */ = {isa = PBXBuildFile; fileRef = 21D6F7FD235989610090DFB6 /* main.m */; };
		21D6F806235989A90090DFB6 /* YZComputer.m in Sources */ = {isa = PBXBuildFile; fileRef = 21D6F805235989A90090DFB6 /* YZComputer.m */; };
		21D6F80923598A600090DFB6 /* YZQQ.m in Sources */ = {isa = PBXBuildFile; fileRef = 21D6F80823598A600090DFB6 /* YZQQ.m */; };
		21D6F80C23598A6F0090DFB6 /* YZWeChat.m in Sources */ = {isa = PBXBuildFile; fileRef = 21D6F80B23598A6F0090DFB6 /* YZWeChat.m */; };
		21D6F80F23598AB90090DFB6 /* YZXcode.m in Sources */ = {isa = PBXBuildFile; fileRef = 21D6F80E23598AB90090DFB6 /* YZXcode.m */; };
/* End PBXBuildFile section */

/* Begin PBXCopyFilesBuildPhase section */
		21D6F7F8235989610090DFB6 /* CopyFiles */ = {
			isa = PBXCopyFilesBuildPhase;
			buildActionMask = 2147483647;
			dstPath = /usr/share/man/man1/;
			dstSubfolderSpec = 0;
			files = (
			);
			runOnlyForDeploymentPostprocessing = 1;
		};
/* End PBXCopyFilesBuildPhase section */

/* Begin PBXFileReference section */
		21D6F7FA235989610090DFB6 /* iOS-外观模式 */ = {isa = PBXFileReference; explicitFileType = "compiled.mach-o.executable"; includeInIndex = 0; path = "iOS-外观模式"; sourceTree = BUILT_PRODUCTS_DIR; };
		21D6F7FD235989610090DFB6 /* main.m */ = {isa = PBXFileReference; lastKnownFileType = sourcecode.c.objc; path = main.m; sourceTree = "<group>"; };
		21D6F804235989A90090DFB6 /* YZComputer.h */ = {isa = PBXFileReference; lastKnownFileType = sourcecode.c.h; path = YZComputer.h; sourceTree = "<group>"; };
		21D6F805235989A90090DFB6 /* YZComputer.m */ = {isa = PBXFileReference; lastKnownFileType = sourcecode.c.objc; path = YZComputer.m; sourceTree = "<group>"; };
		21D6F80723598A600090DFB6 /* YZQQ.h */ = {isa = PBXFileReference; lastKnownFileType = sourcecode.c.h; path = YZQQ.h; sourceTree = "<group>"; };
		21D6F80823598A600090DFB6 /* YZQQ.m */ = {isa = PBXFileReference; lastKnownFileType = sourcecode.c.objc; path = YZQQ.m; sourceTree = "<group>"; };
		21D6F80A23598A6F0090DFB6 /* YZWeChat.h */ = {isa = PBXFileReference; lastKnownFileType = sourcecode.c.h; path = YZWeChat.h; sourceTree = "<group>"; };
		21D6F80B23598A6F0090DFB6 /* YZWeChat.m */ = {isa = PBXFileReference; lastKnownFileType = sourcecode.c.objc; path = YZWeChat.m; sourceTree = "<group>"; };
		21D6F80D23598AB90090DFB6 /* YZXcode.h */ = {isa = PBXFileReference; lastKnownFileType = sourcecode.c.h; path = YZXcode.h; sourceTree = "<group>"; };
		21D6F80E23598AB90090DFB6 /* YZXcode.m */ = {isa = PBXFileReference; lastKnownFileType = sourcecode.c.objc; path = YZXcode.m; sourceTree = "<group>"; };
/* End PBXFileReference section */

/* Begin PBXFrameworksBuildPhase section */
		21D6F7F7235989610090DFB6 /* Frameworks */ = {
			isa = PBXFrameworksBuildPhase;
			buildActionMask = 2147483647;
			files = (
			);
			runOnlyForDeploymentPostprocessing = 0;
		};
/* End PBXFrameworksBuildPhase section */

/* Begin PBXGroup section */
		21D6F7F1235989610090DFB6 = {
			isa = PBXGroup;
			children = (
				21D6F7FC235989610090DFB6 /* iOS-外观模式 */,
				21D6F7FB235989610090DFB6 /* Products */,
			);
			sourceTree = "<group>";
		};
		21D6F7FB235989610090DFB6 /* Products */ = {
			isa = PBXGroup;
			children = (
				21D6F7FA235989610090DFB6 /* iOS-外观模式 */,
			);
			name = Products;
			sourceTree = "<group>";
		};
		21D6F7FC235989610090DFB6 /* iOS-外观模式 */ = {
			isa = PBXGroup;
			children = (
				21D6F7FD235989610090DFB6 /* main.m */,
				21D6F804235989A90090DFB6 /* YZComputer.h */,
				21D6F805235989A90090DFB6 /* YZComputer.m */,
				21D6F80723598A600090DFB6 /* YZQQ.h */,
				21D6F80823598A600090DFB6 /* YZQQ.m */,
				21D6F80A23598A6F0090DFB6 /* YZWeChat.h */,
				21D6F80B23598A6F0090DFB6 /* YZWeChat.m */,
				21D6F80D23598AB90090DFB6 /* YZXcode.h */,
				21D6F80E23598AB90090DFB6 /* YZXcode.m */,
			);
			path = "iOS-外观模式";
			sourceTree = "<group>";
		};
/* End PBXGroup section */

/* Begin PBXNativeTarget section */
		21D6F7F9235989610090DFB6 /* iOS-外观模式 */ = {
			isa = PBXNativeTarget;
			buildConfigurationList = 21D6F801235989610090DFB6 /* Build configuration list for PBXNativeTarget "iOS-外观模式" */;
			buildPhases = (
				21D6F7F6235989610090DFB6 /* Sources */,
				21D6F7F7235989610090DFB6 /* Frameworks */,
				21D6F7F8235989610090DFB6 /* CopyFiles */,
			);
			buildRules = (
			);
			dependencies = (
			);
			name = "iOS-外观模式";
			productName = "iOS-外观模式";
			productReference = 21D6F7FA235989610090DFB6 /* iOS-外观模式 */;
			productType = "com.apple.product-type.tool";
		};
/* End PBXNativeTarget section */

/* Begin PBXProject section */
		21D6F7F2235989610090DFB6 /* Project object */ = {
			isa = PBXProject;
			attributes = {
				LastUpgradeCheck = 1110;
				ORGANIZATIONNAME = eagle;
				TargetAttributes = {
					21D6F7F9235989610090DFB6 = {
						CreatedOnToolsVersion = 11.1;
					};
				};
			};
			buildConfigurationList = 21D6F7F5235989610090DFB6 /* Build configuration list for PBXProject "iOS-外观模式" */;
			compatibilityVersion = "Xcode 9.3";
			developmentRegion = en;
			hasScannedForEncodings = 0;
			knownRegions = (
				en,
				Base,
			);
			mainGroup = 21D6F7F1235989610090DFB6;
			productRefGroup = 21D6F7FB235989610090DFB6 /* Products */;
			projectDirPath = "";
			projectRoot = "";
			targets = (
				21D6F7F9235989610090DFB6 /* iOS-外观模式 */,
			);
		};
/* End PBXProject section */

/* Begin PBXSourcesBuildPhase section */
		21D6F7F6235989610090DFB6 /* Sources */ = {
			isa = PBXSourcesBuildPhase;
			buildActionMask = 2147483647;
			files = (
				21D6F80C23598A6F0090DFB6 /* YZWeChat.m in Sources */,
				21D6F7FE235989610090DFB6 /* main.m in Sources */,
				21D6F806235989A90090DFB6 /* YZComputer.m in Sources */,
				21D6F80923598A600090DFB6 /* YZQQ.m in Sources */,
				21D6F80F23598AB90090DFB6 /* YZXcode.m in Sources */,
			);
			runOnlyForDeploymentPostprocessing = 0;
		};
/* End PBXSourcesBuildPhase section */

/* Begin XCBuildConfiguration section */
		21D6F7FF235989610090DFB6 /* Debug */ = {
			isa = XCBuildConfiguration;
			buildSettings = {
				ALWAYS_SEARCH_USER_PATHS = NO;
				CLANG_ANALYZER_NONNULL = YES;
				CLANG_ANALYZER_NUMBER_OBJECT_CONVERSION = YES_AGGRESSIVE;
				CLANG_CXX_LANGUAGE_STANDARD = "gnu++14";
				CLANG_CXX_LIBRARY = "libc++";
				CLANG_ENABLE_MODULES = YES;
				CLANG_ENABLE_OBJC_ARC = YES;
				CLANG_ENABLE_OBJC_WEAK = YES;
				CLANG_WARN_BLOCK_CAPTURE_AUTORELEASING = YES;
				CLANG_WARN_BOOL_CONVERSION = YES;
				CLANG_WARN_COMMA = YES;
				CLANG_WARN_CONSTANT_CONVERSION = YES;
				CLANG_WARN_DEPRECATED_OBJC_IMPLEMENTATIONS = YES;
				CLANG_WARN_DIRECT_OBJC_ISA_USAGE = YES_ERROR;
				CLANG_WARN_DOCUMENTATION_COMMENTS = YES;
				CLANG_WARN_EMPTY_BODY = YES;
				CLANG_WARN_ENUM_CONVERSION = YES;
				CLANG_WARN_INFINITE_RECURSION = YES;
				CLANG_WARN_INT_CONVERSION = YES;
				CLANG_WARN_NON_LITERAL_NULL_CONVERSION = YES;
				CLANG_WARN_OBJC_IMPLICIT_RETAIN_SELF = YES;
				CLANG_WARN_OBJC_LITERAL_CONVERSION = YES;
				CLANG_WARN_OBJC_ROOT_CLASS = YES_ERROR;
				CLANG_WARN_RANGE_LOOP_ANALYSIS = YES;
				CLANG_WARN_STRICT_PROTOTYPES = YES;
				CLANG_WARN_SUSPICIOUS_MOVE = YES;
				CLANG_WARN_UNGUARDED_AVAILABILITY = YES_AGGRESSIVE;
				CLANG_WARN_UNREACHABLE_CODE = YES;
				CLANG_WARN__DUPLICATE_METHOD_MATCH = YES;
				COPY_PHASE_STRIP = NO;
				DEBUG_INFORMATION_FORMAT = dwarf;
				ENABLE_STRICT_OBJC_MSGSEND = YES;
				ENABLE_TESTABILITY = YES;
				GCC_C_LANGUAGE_STANDARD = gnu11;
				GCC_DYNAMIC_NO_PIC = NO;
				GCC_NO_COMMON_BLOCKS = YES;
				GCC_OPTIMIZATION_LEVEL = 0;
				GCC_PREPROCESSOR_DEFINITIONS = (
					"DEBUG=1",
					"$(inherited)",
				);
				GCC_WARN_64_TO_32_BIT_CONVERSION = YES;
				GCC_WARN_ABOUT_RETURN_TYPE = YES_ERROR;
				GCC_WARN_UNDECLARED_SELECTOR = YES;
				GCC_WARN_UNINITIALIZED_AUTOS = YES_AGGRESSIVE;
				GCC_WARN_UNUSED_FUNCTION = YES;
				GCC_WARN_UNUSED_VARIABLE = YES;
				MACOSX_DEPLOYMENT_TARGET = 10.15;
				MTL_ENABLE_DEBUG_INFO = INCLUDE_SOURCE;
				MTL_FAST_MATH = YES;
				ONLY_ACTIVE_ARCH = YES;
				SDKROOT = macosx;
			};
			name = Debug;
		};
		21D6F800235989610090DFB6 /* Release */ = {
			isa = XCBuildConfiguration;
			buildSettings = {
				ALWAYS_SEARCH_USER_PATHS = NO;
				CLANG_ANALYZER_NONNULL = YES;
				CLANG_ANALYZER_NUMBER_OBJECT_CONVERSION = YES_AGGRESSIVE;
				CLANG_CXX_LANGUAGE_STANDARD = "gnu++14";
				CLANG_CXX_LIBRARY = "libc++";
				CLANG_ENABLE_MODULES = YES;
				CLANG_ENABLE_OBJC_ARC = YES;
				CLANG_ENABLE_OBJC_WEAK = YES;
				CLANG_WARN_BLOCK_CAPTURE_AUTORELEASING = YES;
				CLANG_WARN_BOOL_CONVERSION = YES;
				CLANG_WARN_COMMA = YES;
				CLANG_WARN_CONSTANT_CONVERSION = YES;
				CLANG_WARN_DEPRECATED_OBJC_IMPLEMENTATIONS = YES;
				CLANG_WARN_DIRECT_OBJC_ISA_USAGE = YES_ERROR;
				CLANG_WARN_DOCUMENTATION_COMMENTS = YES;
				CLANG_WARN_EMPTY_BODY = YES;
				CLANG_WARN_ENUM_CONVERSION = YES;
				CLANG_WARN_INFINITE_RECURSION = YES;
				CLANG_WARN_INT_CONVERSION = YES;
				CLANG_WARN_NON_LITERAL_NULL_CONVERSION = YES;
				CLANG_WARN_OBJC_IMPLICIT_RETAIN_SELF = YES;
				CLANG_WARN_OBJC_LITERAL_CONVERSION = YES;
				CLANG_WARN_OBJC_ROOT_CLASS = YES_ERROR;
				CLANG_WARN_RANGE_LOOP_ANALYSIS = YES;
				CLANG_WARN_STRICT_PROTOTYPES = YES;
				CLANG_WARN_SUSPICIOUS_MOVE = YES;
				CLANG_WARN_UNGUARDED_AVAILABILITY = YES_AGGRESSIVE;
				CLANG_WARN_UNREACHABLE_CODE = YES;
				CLANG_WARN__DUPLICATE_METHOD_MATCH = YES;
				COPY_PHASE_STRIP = NO;
				DEBUG_INFORMATION_FORMAT = "dwarf-with-dsym";
				ENABLE_NS_ASSERTIONS = NO;
				ENABLE_STRICT_OBJC_MSGSEND = YES;
				GCC_C_LANGUAGE_STANDARD = gnu11;
				GCC_NO_COMMON_BLOCKS = YES;
				GCC_WARN_64_TO_32_BIT_CONVERSION = YES;
				GCC_WARN_ABOUT_RETURN_TYPE = YES_ERROR;
				GCC_WARN_UNDECLARED_SELECTOR = YES;
				GCC_WARN_UNINITIALIZED_AUTOS = YES_AGGRESSIVE;
				GCC_WARN_UNUSED_FUNCTION = YES;
				GCC_WARN_UNUSED_VARIABLE = YES;
				MACOSX_DEPLOYMENT_TARGET = 10.15;
				MTL_ENABLE_DEBUG_INFO = NO;
				MTL_FAST_MATH = YES;
				SDKROOT = macosx;
			};
			name = Release;
		};
		21D6F802235989610090DFB6 /* Debug */ = {
			isa = XCBuildConfiguration;
			buildSettings = {
				CODE_SIGN_STYLE = Automatic;
				DEVELOPMENT_TEAM = 4BW29X768A;
				ENABLE_HARDENED_RUNTIME = YES;
				PRODUCT_NAME = "$(TARGET_NAME)";
			};
			name = Debug;
		};
		21D6F803235989610090DFB6 /* Release */ = {
			isa = XCBuildConfiguration;
			buildSettings = {
				CODE_SIGN_STYLE = Automatic;
				DEVELOPMENT_TEAM = 4BW29X768A;
				ENABLE_HARDENED_RUNTIME = YES;
				PRODUCT_NAME = "$(TARGET_NAME)";
			};
			name = Release;
		};
/* End XCBuildConfiguration section */

/* Begin XCConfigurationList section */
		21D6F7F5235989610090DFB6 /* Build configuration list for PBXProject "iOS-外观模式" */ = {
			isa = XCConfigurationList;
			buildConfigurations = (
				21D6F7FF235989610090DFB6 /* Debug */,
				21D6F800235989610090DFB6 /* Release */,
			);
			defaultConfigurationIsVisible = 0;
			defaultConfigurationName = Release;
		};
		21D6F801235989610090DFB6 /* Build configuration list for PBXNativeTarget "iOS-外观模式" */ = {
			isa = XCConfigurationList;
			buildConfigurations = (
				21D6F802235989610090DFB6 /* Debug */,
				21D6F803235989610090DFB6 /* Release */,
			);
			defaultConfigurationIsVisible = 0;
			defaultConfigurationName = Release;
		};
/* End XCConfigurationList section */
	};
	rootObject = 21D6F7F2235989610090DFB6 /* Project object */;
}
